
Microsoft Visual Studio Solution File, Format Version 12.00
# Visual Studio 2012
Project("{8BC9CEB8-8B4A-11D0-8D11-00A0C91BC942}") = "ExceptionHandling", "ExceptionHandling\ExceptionHandling.vcxproj", "{F71166D4-DF62-4D1F-923C-675BE974770D}"
EndProject
Global
	GlobalSection(SolutionConfigurationPlatforms) = preSolution
		Debug|Win32 = Debug|Win32
		Release|Win32 = Release|Win32
	EndGlobalSection
	GlobalSection(ProjectConfigurationPlatforms) = postSolution
		{F71166D4-DF62-4D1F-923C-675BE974770D}.Debug|Win32.ActiveCfg = Debug|Win32
		{F71166D4-DF62-4D1F-923C-675BE974770D}.Debug|Win32.Build.0 = Debug|Win32
		{F71166D4-DF62-4D1F-923C-675BE974770D}.Release|Win32.ActiveCfg = Release|Win32
		{F71166D4-DF62-4D1F-923C-675BE974770D}.Release|Win32.Build.0 = Release|Win32
	EndGlobalSection
	GlobalSection(SolutionProperties) = preSolution
		HideSolutionNode = FALSE
	EndGlobalSection
EndGlobal
